// !$*UTF8*$!
{
	archiveVersion = 1;
	classes = {
	};
	objectVersion = 50;
	objects = {

/* Begin PBXBuildFile section */
		FB08BDA521D13D9D009307AA /* ear.jpg in Resources */ = {isa = PBXBuildFile; fileRef = FB08BDA421D13D9D009307AA /* ear.jpg */; };
		FB12FDE121E0FB1E00029195 /* ShowPlotVC.m in Sources */ = {isa = PBXBuildFile; fileRef = FB12FDE021E0FB1E00029195 /* ShowPlotVC.m */; };
		FB340FB821CBCD2500126A3C /* SeqToMIDI.c in Sources */ = {isa = PBXBuildFile; fileRef = FB340FB721CBCD2500126A3C /* SeqToMIDI.c */; };
		FB340FBE21CC2A6300126A3C /* smallnote.png in Resources */ = {isa = PBXBuildFile; fileRef = FB340FBD21CC2A6300126A3C /* smallnote.png */; };
		FB36C5C621C6D451004E7EFE /* CoreAudio.framework in Frameworks */ = {isa = PBXBuildFile; fileRef = FB36C5C521C6D451004E7EFE /* CoreAudio.framework */; };
		FB36C5C821C6D464004E7EFE /* CoreMIDI.framework in Frameworks */ = {isa = PBXBuildFile; fileRef = FB36C5C721C6D464004E7EFE /* CoreMIDI.framework */; };
		FB36C5CA21C6D471004E7EFE /* AudioToolbox.framework in Frameworks */ = {isa = PBXBuildFile; fileRef = FB36C5C921C6D471004E7EFE /* AudioToolbox.framework */; };
		FB36C5D721CAE5F5004E7EFE /* GeneralUser GS MuseScore v1.442.sf2 in Resources */ = {isa = PBXBuildFile; fileRef = FB36C5D621CAE5F5004E7EFE /* GeneralUser GS MuseScore v1.442.sf2 */; };
		FB36C5D921CAF4D9004E7EFE /* Acoustic Guitars JNv2.4.sf2 in Resources */ = {isa = PBXBuildFile; fileRef = FB36C5D821CAF4D9004E7EFE /* Acoustic Guitars JNv2.4.sf2 */; };
		FB36C5DB21CAFB33004E7EFE /* InstrumentList in Resources */ = {isa = PBXBuildFile; fileRef = FB36C5DA21CAFB33004E7EFE /* InstrumentList */; };
		FB99420C21C58B0C009A30E4 /* main.m in Sources */ = {isa = PBXBuildFile; fileRef = FB99420B21C58B0C009A30E4 /* main.m */; };
		FB99421421C58B74009A30E4 /* AppDelegate.m in Sources */ = {isa = PBXBuildFile; fileRef = FB99421221C58B74009A30E4 /* AppDelegate.m */; };
		FB99421C21C58B89009A30E4 /* BrowseOEISVC.m in Sources */ = {isa = PBXBuildFile; fileRef = FB99421A21C58B89009A30E4 /* BrowseOEISVC.m */; };
		FB99422A21C58B9E009A30E4 /* PlaySeqVC.m in Sources */ = {isa = PBXBuildFile; fileRef = FB99422521C58B9E009A30E4 /* PlaySeqVC.m */; };
		FB99422B21C58B9E009A30E4 /* Sequence.m in Sources */ = {isa = PBXBuildFile; fileRef = FB99422621C58B9E009A30E4 /* Sequence.m */; };
		FB99422C21C58B9E009A30E4 /* UICircularProgressView.m in Sources */ = {isa = PBXBuildFile; fileRef = FB99422921C58B9E009A30E4 /* UICircularProgressView.m */; };
		FBDC07A521CD8CA000A7F0FF /* SeqThumbView.m in Sources */ = {isa = PBXBuildFile; fileRef = FBDC07A421CD8CA000A7F0FF /* SeqThumbView.m */; };
		FBEBED3D21CD2AF000D41433 /* Music.txt in Resources */ = {isa = PBXBuildFile; fileRef = FBEBED3C21CD2AC200D41433 /* Music.txt */; };
		FBEBED3E21CD319600D41433 /* Assets.xcassets in Resources */ = {isa = PBXBuildFile; fileRef = FB340FC521CC3BDD00126A3C /* Assets.xcassets */; };
		FBEBED4121CD364000D41433 /* PlayOptions.m in Sources */ = {isa = PBXBuildFile; fileRef = FBEBED4021CD364000D41433 /* PlayOptions.m */; };
		FBEBED4421CD864400D41433 /* MainVC.m in Sources */ = {isa = PBXBuildFile; fileRef = FBEBED4321CD864400D41433 /* MainVC.m */; };
/* End PBXBuildFile section */

/* Begin PBXFileReference section */
		FB08BDA421D13D9D009307AA /* ear.jpg */ = {isa = PBXFileReference; lastKnownFileType = image.jpeg; path = ear.jpg; sourceTree = "<group>"; };
		FB12FDDF21E0FB1E00029195 /* ShowPlotVC.h */ = {isa = PBXFileReference; lastKnownFileType = sourcecode.c.h; path = ShowPlotVC.h; sourceTree = "<group>"; };
		FB12FDE021E0FB1E00029195 /* ShowPlotVC.m */ = {isa = PBXFileReference; lastKnownFileType = sourcecode.c.objc; path = ShowPlotVC.m; sourceTree = "<group>"; };
		FB340FB621CBCD2500126A3C /* SeqToMIDI.h */ = {isa = PBXFileReference; lastKnownFileType = sourcecode.c.h; path = SeqToMIDI.h; sourceTree = "<group>"; };
		FB340FB721CBCD2500126A3C /* SeqToMIDI.c */ = {isa = PBXFileReference; lastKnownFileType = sourcecode.c.c; path = SeqToMIDI.c; sourceTree = "<group>"; };
		FB340FBB21CC266100126A3C /* Info.plist */ = {isa = PBXFileReference; lastKnownFileType = text.plist.xml; path = Info.plist; sourceTree = "<group>"; };
		FB340FBC21CC266500126A3C /* Default-568h@2x.png */ = {isa = PBXFileReference; lastKnownFileType = image.png; path = "Default-568h@2x.png"; sourceTree = "<group>"; };
		FB340FBD21CC2A6300126A3C /* smallnote.png */ = {isa = PBXFileReference; lastKnownFileType = image.png; path = smallnote.png; sourceTree = "<group>"; };
		FB340FC421CC3BC800126A3C /* Base */ = {isa = PBXFileReference; lastKnownFileType = file.storyboard; name = Base; path = LaunchScreen.storyboard; sourceTree = "<group>"; };
		FB340FC521CC3BDD00126A3C /* Assets.xcassets */ = {isa = PBXFileReference; lastKnownFileType = folder.assetcatalog; path = Assets.xcassets; sourceTree = "<group>"; };
		FB36C5C521C6D451004E7EFE /* CoreAudio.framework */ = {isa = PBXFileReference; lastKnownFileType = wrapper.framework; name = CoreAudio.framework; path = System/Library/Frameworks/CoreAudio.framework; sourceTree = SDKROOT; };
		FB36C5C721C6D464004E7EFE /* CoreMIDI.framework */ = {isa = PBXFileReference; lastKnownFileType = wrapper.framework; name = CoreMIDI.framework; path = System/Library/Frameworks/CoreMIDI.framework; sourceTree = SDKROOT; };
		FB36C5C921C6D471004E7EFE /* AudioToolbox.framework */ = {isa = PBXFileReference; lastKnownFileType = wrapper.framework; name = AudioToolbox.framework; path = System/Library/Frameworks/AudioToolbox.framework; sourceTree = SDKROOT; };
		FB36C5D621CAE5F5004E7EFE /* GeneralUser GS MuseScore v1.442.sf2 */ = {isa = PBXFileReference; lastKnownFileType = file; path = "GeneralUser GS MuseScore v1.442.sf2"; sourceTree = "<group>"; };
		FB36C5D821CAF4D9004E7EFE /* Acoustic Guitars JNv2.4.sf2 */ = {isa = PBXFileReference; lastKnownFileType = file; path = "Acoustic Guitars JNv2.4.sf2"; sourceTree = "<group>"; };
		FB36C5DA21CAFB33004E7EFE /* InstrumentList */ = {isa = PBXFileReference; fileEncoding = 4; lastKnownFileType = text; path = InstrumentList; sourceTree = "<group>"; };
		FB9941F621C58B0B009A30E4 /* SeqNotes.app */ = {isa = PBXFileReference; explicitFileType = wrapper.application; includeInIndex = 0; path = SeqNotes.app; sourceTree = BUILT_PRODUCTS_DIR; };
		FB99420B21C58B0C009A30E4 /* main.m */ = {isa = PBXFileReference; lastKnownFileType = sourcecode.c.objc; path = main.m; sourceTree = "<group>"; };
		FB99421221C58B74009A30E4 /* AppDelegate.m */ = {isa = PBXFileReference; fileEncoding = 4; lastKnownFileType = sourcecode.c.objc; path = AppDelegate.m; sourceTree = "<group>"; };
		FB99421321C58B74009A30E4 /* AppDelegate.h */ = {isa = PBXFileReference; fileEncoding = 4; lastKnownFileType = sourcecode.c.h; path = AppDelegate.h; sourceTree = "<group>"; };
		FB99421721C58B88009A30E4 /* Defines.h */ = {isa = PBXFileReference; fileEncoding = 4; lastKnownFileType = sourcecode.c.h; path = Defines.h; sourceTree = "<group>"; };
		FB99421921C58B89009A30E4 /* BrowseOEISVC.h */ = {isa = PBXFileReference; fileEncoding = 4; lastKnownFileType = sourcecode.c.h; path = BrowseOEISVC.h; sourceTree = "<group>"; };
		FB99421A21C58B89009A30E4 /* BrowseOEISVC.m */ = {isa = PBXFileReference; fileEncoding = 4; lastKnownFileType = sourcecode.c.objc; path = BrowseOEISVC.m; sourceTree = "<group>"; };
		FB99422021C58B93009A30E4 /* Neil notes */ = {isa = PBXFileReference; lastKnownFileType = folder; path = "Neil notes"; sourceTree = "<group>"; };
		FB99422421C58B9E009A30E4 /* Sequence.h */ = {isa = PBXFileReference; fileEncoding = 4; lastKnownFileType = sourcecode.c.h; path = Sequence.h; sourceTree = "<group>"; };
		FB99422521C58B9E009A30E4 /* PlaySeqVC.m */ = {isa = PBXFileReference; fileEncoding = 4; lastKnownFileType = sourcecode.c.objc; path = PlaySeqVC.m; sourceTree = "<group>"; };
		FB99422621C58B9E009A30E4 /* Sequence.m */ = {isa = PBXFileReference; fileEncoding = 4; lastKnownFileType = sourcecode.c.objc; path = Sequence.m; sourceTree = "<group>"; };
		FB99422721C58B9E009A30E4 /* PlaySeqVC.h */ = {isa = PBXFileReference; fileEncoding = 4; lastKnownFileType = sourcecode.c.h; path = PlaySeqVC.h; sourceTree = "<group>"; };
		FB99422821C58B9E009A30E4 /* UICircularProgressView.h */ = {isa = PBXFileReference; fileEncoding = 4; lastKnownFileType = sourcecode.c.h; path = UICircularProgressView.h; sourceTree = "<group>"; };
		FB99422921C58B9E009A30E4 /* UICircularProgressView.m */ = {isa = PBXFileReference; fileEncoding = 4; lastKnownFileType = sourcecode.c.objc; path = UICircularProgressView.m; sourceTree = "<group>"; };
		FBDC07A321CD8CA000A7F0FF /* SeqThumbView.h */ = {isa = PBXFileReference; lastKnownFileType = sourcecode.c.h; path = SeqThumbView.h; sourceTree = "<group>"; };
		FBDC07A421CD8CA000A7F0FF /* SeqThumbView.m */ = {isa = PBXFileReference; lastKnownFileType = sourcecode.c.objc; path = SeqThumbView.m; sourceTree = "<group>"; };
		FBEBED3C21CD2AC200D41433 /* Music.txt */ = {isa = PBXFileReference; lastKnownFileType = text; path = Music.txt; sourceTree = "<group>"; };
		FBEBED3F21CD364000D41433 /* PlayOptions.h */ = {isa = PBXFileReference; lastKnownFileType = sourcecode.c.h; path = PlayOptions.h; sourceTree = "<group>"; };
		FBEBED4021CD364000D41433 /* PlayOptions.m */ = {isa = PBXFileReference; lastKnownFileType = sourcecode.c.objc; path = PlayOptions.m; sourceTree = "<group>"; };
		FBEBED4221CD864400D41433 /* MainVC.h */ = {isa = PBXFileReference; lastKnownFileType = sourcecode.c.h; path = MainVC.h; sourceTree = "<group>"; };
		FBEBED4321CD864400D41433 /* MainVC.m */ = {isa = PBXFileReference; lastKnownFileType = sourcecode.c.objc; path = MainVC.m; sourceTree = "<group>"; };
/* End PBXFileReference section */

/* Begin PBXFrameworksBuildPhase section */
		FB9941F321C58B0B009A30E4 /* Frameworks */ = {
			isa = PBXFrameworksBuildPhase;
			buildActionMask = 2147483647;
			files = (
				FB36C5CA21C6D471004E7EFE /* AudioToolbox.framework in Frameworks */,
				FB36C5C821C6D464004E7EFE /* CoreMIDI.framework in Frameworks */,
				FB36C5C621C6D451004E7EFE /* CoreAudio.framework in Frameworks */,
			);
			runOnlyForDeploymentPostprocessing = 0;
		};
/* End PBXFrameworksBuildPhase section */

/* Begin PBXGroup section */
		FB08BDA321D13D8B009307AA /* Support files */ = {
			isa = PBXGroup;
			children = (
				FB08BDA421D13D9D009307AA /* ear.jpg */,
			);
			path = "Support files";
			sourceTree = "<group>";
		};
		FB340FBA21CC234F00126A3C /* MIDI support */ = {
			isa = PBXGroup;
			children = (
				FBEBED3C21CD2AC200D41433 /* Music.txt */,
				FB36C5D821CAF4D9004E7EFE /* Acoustic Guitars JNv2.4.sf2 */,
				FB36C5DA21CAFB33004E7EFE /* InstrumentList */,
				FB36C5D621CAE5F5004E7EFE /* GeneralUser GS MuseScore v1.442.sf2 */,
			);
			path = "MIDI support";
			sourceTree = "<group>";
		};
		FB340FC221CC3BC800126A3C /* Base.lproj */ = {
			isa = PBXGroup;
			children = (
				FB340FC321CC3BC800126A3C /* LaunchScreen.storyboard */,
			);
			path = Base.lproj;
			sourceTree = "<group>";
		};
		FB36C5C421C6D451004E7EFE /* Frameworks */ = {
			isa = PBXGroup;
			children = (
				FB36C5C921C6D471004E7EFE /* AudioToolbox.framework */,
				FB36C5C721C6D464004E7EFE /* CoreMIDI.framework */,
				FB36C5C521C6D451004E7EFE /* CoreAudio.framework */,
			);
			name = Frameworks;
			sourceTree = "<group>";
		};
		FB9941ED21C58B0B009A30E4 = {
			isa = PBXGroup;
			children = (
				FB9941F821C58B0B009A30E4 /* SeqNotes */,
				FB9941F721C58B0B009A30E4 /* Products */,
				FB36C5C421C6D451004E7EFE /* Frameworks */,
			);
			sourceTree = "<group>";
		};
		FB9941F721C58B0B009A30E4 /* Products */ = {
			isa = PBXGroup;
			children = (
				FB9941F621C58B0B009A30E4 /* SeqNotes.app */,
			);
			name = Products;
			sourceTree = "<group>";
		};
		FB9941F821C58B0B009A30E4 /* SeqNotes */ = {
			isa = PBXGroup;
			children = (
				FB99421721C58B88009A30E4 /* Defines.h */,
				FB99421321C58B74009A30E4 /* AppDelegate.h */,
				FB99421221C58B74009A30E4 /* AppDelegate.m */,
				FBEBED4221CD864400D41433 /* MainVC.h */,
				FBEBED4321CD864400D41433 /* MainVC.m */,
				FBDC07A321CD8CA000A7F0FF /* SeqThumbView.h */,
				FBDC07A421CD8CA000A7F0FF /* SeqThumbView.m */,
				FB12FDDF21E0FB1E00029195 /* ShowPlotVC.h */,
				FB12FDE021E0FB1E00029195 /* ShowPlotVC.m */,
				FB99422721C58B9E009A30E4 /* PlaySeqVC.h */,
				FB99422521C58B9E009A30E4 /* PlaySeqVC.m */,
				FBEBED3F21CD364000D41433 /* PlayOptions.h */,
				FBEBED4021CD364000D41433 /* PlayOptions.m */,
				FB99421921C58B89009A30E4 /* BrowseOEISVC.h */,
				FB99421A21C58B89009A30E4 /* BrowseOEISVC.m */,
				FB99422421C58B9E009A30E4 /* Sequence.h */,
				FB99422621C58B9E009A30E4 /* Sequence.m */,
				FB340FB621CBCD2500126A3C /* SeqToMIDI.h */,
				FB340FB721CBCD2500126A3C /* SeqToMIDI.c */,
				FB99422821C58B9E009A30E4 /* UICircularProgressView.h */,
				FB99422921C58B9E009A30E4 /* UICircularProgressView.m */,
				FB99420B21C58B0C009A30E4 /* main.m */,
				FB340FBB21CC266100126A3C /* Info.plist */,
				FB340FBD21CC2A6300126A3C /* smallnote.png */,
				FB340FBC21CC266500126A3C /* Default-568h@2x.png */,
				FB340FC521CC3BDD00126A3C /* Assets.xcassets */,
				FB340FC221CC3BC800126A3C /* Base.lproj */,
				FB340FBA21CC234F00126A3C /* MIDI support */,
				FB08BDA321D13D8B009307AA /* Support files */,
				FB99422021C58B93009A30E4 /* Neil notes */,
			);
			path = SeqNotes;
			sourceTree = "<group>";
		};
/* End PBXGroup section */

/* Begin PBXNativeTarget section */
		FB9941F521C58B0B009A30E4 /* SeqNotes */ = {
			isa = PBXNativeTarget;
			buildConfigurationList = FB99420F21C58B0C009A30E4 /* Build configuration list for PBXNativeTarget "SeqNotes" */;
			buildPhases = (
				FB9941F221C58B0B009A30E4 /* Sources */,
				FB9941F321C58B0B009A30E4 /* Frameworks */,
				FB9941F421C58B0B009A30E4 /* Resources */,
			);
			buildRules = (
			);
			dependencies = (
			);
			name = SeqNotes;
			productName = SeqNotes;
			productReference = FB9941F621C58B0B009A30E4 /* SeqNotes.app */;
			productType = "com.apple.product-type.application";
		};
/* End PBXNativeTarget section */

/* Begin PBXProject section */
		FB9941EE21C58B0B009A30E4 /* Project object */ = {
			isa = PBXProject;
			attributes = {
				LastUpgradeCheck = 1010;
				ORGANIZATIONNAME = Cheswick.com;
				TargetAttributes = {
					FB9941F521C58B0B009A30E4 = {
						CreatedOnToolsVersion = 10.1;
						SystemCapabilities = {
							com.apple.BackgroundModes = {
								enabled = 1;
							};
						};
					};
				};
			};
			buildConfigurationList = FB9941F121C58B0B009A30E4 /* Build configuration list for PBXProject "SeqNotes" */;
			compatibilityVersion = "Xcode 9.3";
			developmentRegion = en;
			hasScannedForEncodings = 0;
			knownRegions = (
				en,
				Base,
			);
			mainGroup = FB9941ED21C58B0B009A30E4;
			productRefGroup = FB9941F721C58B0B009A30E4 /* Products */;
			projectDirPath = "";
			projectRoot = "";
			targets = (
				FB9941F521C58B0B009A30E4 /* SeqNotes */,
			);
		};
/* End PBXProject section */

/* Begin PBXResourcesBuildPhase section */
		FB9941F421C58B0B009A30E4 /* Resources */ = {
			isa = PBXResourcesBuildPhase;
			buildActionMask = 2147483647;
			files = (
				FBEBED3E21CD319600D41433 /* Assets.xcassets in Resources */,
				FBEBED3D21CD2AF000D41433 /* Music.txt in Resources */,
				FB36C5DB21CAFB33004E7EFE /* InstrumentList in Resources */,
				FB36C5D721CAE5F5004E7EFE /* GeneralUser GS MuseScore v1.442.sf2 in Resources */,
				FB36C5D921CAF4D9004E7EFE /* Acoustic Guitars JNv2.4.sf2 in Resources */,
				FB340FBE21CC2A6300126A3C /* smallnote.png in Resources */,
				FB08BDA521D13D9D009307AA /* ear.jpg in Resources */,
			);
			runOnlyForDeploymentPostprocessing = 0;
		};
/* End PBXResourcesBuildPhase section */

/* Begin PBXSourcesBuildPhase section */
		FB9941F221C58B0B009A30E4 /* Sources */ = {
			isa = PBXSourcesBuildPhase;
			buildActionMask = 2147483647;
			files = (
				FB99421C21C58B89009A30E4 /* BrowseOEISVC.m in Sources */,
				FB99422A21C58B9E009A30E4 /* PlaySeqVC.m in Sources */,
				FB99422B21C58B9E009A30E4 /* Sequence.m in Sources */,
				FB12FDE121E0FB1E00029195 /* ShowPlotVC.m in Sources */,
				FB340FB821CBCD2500126A3C /* SeqToMIDI.c in Sources */,
				FB99422C21C58B9E009A30E4 /* UICircularProgressView.m in Sources */,
				FBDC07A521CD8CA000A7F0FF /* SeqThumbView.m in Sources */,
				FB99421421C58B74009A30E4 /* AppDelegate.m in Sources */,
				FBEBED4421CD864400D41433 /* MainVC.m in Sources */,
				FBEBED4121CD364000D41433 /* PlayOptions.m in Sources */,
				FB99420C21C58B0C009A30E4 /* main.m in Sources */,
			);
			runOnlyForDeploymentPostprocessing = 0;
		};
/* End PBXSourcesBuildPhase section */

/* Begin PBXVariantGroup section */
		FB340FC321CC3BC800126A3C /* LaunchScreen.storyboard */ = {
			isa = PBXVariantGroup;
			children = (
				FB340FC421CC3BC800126A3C /* Base */,
			);
			name = LaunchScreen.storyboard;
			sourceTree = "<group>";
		};
/* End PBXVariantGroup section */

/* Begin XCBuildConfiguration section */
		FB99420D21C58B0C009A30E4 /* Debug */ = {
			isa = XCBuildConfiguration;
			buildSettings = {
				ALWAYS_SEARCH_USER_PATHS = NO;
				CLANG_ANALYZER_NONNULL = YES;
				CLANG_ANALYZER_NUMBER_OBJECT_CONVERSION = YES_AGGRESSIVE;
				CLANG_CXX_LANGUAGE_STANDARD = "gnu++14";
				CLANG_CXX_LIBRARY = "libc++";
				CLANG_ENABLE_MODULES = YES;
				CLANG_ENABLE_OBJC_ARC = YES;
				CLANG_ENABLE_OBJC_WEAK = YES;
				CLANG_WARN_BLOCK_CAPTURE_AUTORELEASING = YES;
				CLANG_WARN_BOOL_CONVERSION = YES;
				CLANG_WARN_COMMA = YES;
				CLANG_WARN_CONSTANT_CONVERSION = YES;
				CLANG_WARN_DEPRECATED_OBJC_IMPLEMENTATIONS = YES;
				CLANG_WARN_DIRECT_OBJC_ISA_USAGE = YES_ERROR;
				CLANG_WARN_DOCUMENTATION_COMMENTS = YES;
				CLANG_WARN_EMPTY_BODY = YES;
				CLANG_WARN_ENUM_CONVERSION = YES;
				CLANG_WARN_INFINITE_RECURSION = YES;
				CLANG_WARN_INT_CONVERSION = YES;
				CLANG_WARN_NON_LITERAL_NULL_CONVERSION = YES;
				CLANG_WARN_OBJC_IMPLICIT_RETAIN_SELF = YES;
				CLANG_WARN_OBJC_LITERAL_CONVERSION = YES;
				CLANG_WARN_OBJC_ROOT_CLASS = YES_ERROR;
				CLANG_WARN_RANGE_LOOP_ANALYSIS = YES;
				CLANG_WARN_STRICT_PROTOTYPES = YES;
				CLANG_WARN_SUSPICIOUS_MOVE = YES;
				CLANG_WARN_UNGUARDED_AVAILABILITY = YES_AGGRESSIVE;
				CLANG_WARN_UNREACHABLE_CODE = YES;
				CLANG_WARN__DUPLICATE_METHOD_MATCH = YES;
				CODE_SIGN_IDENTITY = "iPhone Developer";
				COPY_PHASE_STRIP = NO;
				DEBUG_INFORMATION_FORMAT = dwarf;
				ENABLE_STRICT_OBJC_MSGSEND = YES;
				ENABLE_TESTABILITY = YES;
				GCC_C_LANGUAGE_STANDARD = gnu11;
				GCC_DYNAMIC_NO_PIC = NO;
				GCC_NO_COMMON_BLOCKS = YES;
				GCC_OPTIMIZATION_LEVEL = 0;
				GCC_PREPROCESSOR_DEFINITIONS = (
					"DEBUG=1",
					"$(inherited)",
				);
				GCC_WARN_64_TO_32_BIT_CONVERSION = YES;
				GCC_WARN_ABOUT_RETURN_TYPE = YES_ERROR;
				GCC_WARN_UNDECLARED_SELECTOR = YES;
				GCC_WARN_UNINITIALIZED_AUTOS = YES_AGGRESSIVE;
				GCC_WARN_UNUSED_FUNCTION = YES;
				GCC_WARN_UNUSED_VARIABLE = YES;
				IPHONEOS_DEPLOYMENT_TARGET = 10.0;
				MTL_ENABLE_DEBUG_INFO = INCLUDE_SOURCE;
				MTL_FAST_MATH = YES;
				ONLY_ACTIVE_ARCH = YES;
				SDKROOT = iphoneos;
			};
			name = Debug;
		};
		FB99420E21C58B0C009A30E4 /* Release */ = {
			isa = XCBuildConfiguration;
			buildSettings = {
				ALWAYS_SEARCH_USER_PATHS = NO;
				CLANG_ANALYZER_NONNULL = YES;
				CLANG_ANALYZER_NUMBER_OBJECT_CONVERSION = YES_AGGRESSIVE;
				CLANG_CXX_LANGUAGE_STANDARD = "gnu++14";
				CLANG_CXX_LIBRARY = "libc++";
				CLANG_ENABLE_MODULES = YES;
				CLANG_ENABLE_OBJC_ARC = YES;
				CLANG_ENABLE_OBJC_WEAK = YES;
				CLANG_WARN_BLOCK_CAPTURE_AUTORELEASING = YES;
				CLANG_WARN_BOOL_CONVERSION = YES;
				CLANG_WARN_COMMA = YES;
				CLANG_WARN_CONSTANT_CONVERSION = YES;
				CLANG_WARN_DEPRECATED_OBJC_IMPLEMENTATIONS = YES;
				CLANG_WARN_DIRECT_OBJC_ISA_USAGE = YES_ERROR;
				CLANG_WARN_DOCUMENTATION_COMMENTS = YES;
				CLANG_WARN_EMPTY_BODY = YES;
				CLANG_WARN_ENUM_CONVERSION = YES;
				CLANG_WARN_INFINITE_RECURSION = YES;
				CLANG_WARN_INT_CONVERSION = YES;
				CLANG_WARN_NON_LITERAL_NULL_CONVERSION = YES;
				CLANG_WARN_OBJC_IMPLICIT_RETAIN_SELF = YES;
				CLANG_WARN_OBJC_LITERAL_CONVERSION = YES;
				CLANG_WARN_OBJC_ROOT_CLASS = YES_ERROR;
				CLANG_WARN_RANGE_LOOP_ANALYSIS = YES;
				CLANG_WARN_STRICT_PROTOTYPES = YES;
				CLANG_WARN_SUSPICIOUS_MOVE = YES;
				CLANG_WARN_UNGUARDED_AVAILABILITY = YES_AGGRESSIVE;
				CLANG_WARN_UNREACHABLE_CODE = YES;
				CLANG_WARN__DUPLICATE_METHOD_MATCH = YES;
				CODE_SIGN_IDENTITY = "iPhone Developer";
				COPY_PHASE_STRIP = NO;
				DEBUG_INFORMATION_FORMAT = "dwarf-with-dsym";
				ENABLE_NS_ASSERTIONS = NO;
				ENABLE_STRICT_OBJC_MSGSEND = YES;
				GCC_C_LANGUAGE_STANDARD = gnu11;
				GCC_NO_COMMON_BLOCKS = YES;
				GCC_WARN_64_TO_32_BIT_CONVERSION = YES;
				GCC_WARN_ABOUT_RETURN_TYPE = YES_ERROR;
				GCC_WARN_UNDECLARED_SELECTOR = YES;
				GCC_WARN_UNINITIALIZED_AUTOS = YES_AGGRESSIVE;
				GCC_WARN_UNUSED_FUNCTION = YES;
				GCC_WARN_UNUSED_VARIABLE = YES;
				IPHONEOS_DEPLOYMENT_TARGET = 10.0;
				MTL_ENABLE_DEBUG_INFO = NO;
				MTL_FAST_MATH = YES;
				SDKROOT = iphoneos;
				VALIDATE_PRODUCT = YES;
			};
			name = Release;
		};
		FB99421021C58B0C009A30E4 /* Debug */ = {
			isa = XCBuildConfiguration;
			buildSettings = {
				ASSETCATALOG_COMPILER_APPICON_NAME = AppIcon;
				CODE_SIGN_STYLE = Automatic;
				DEVELOPMENT_TEAM = HK64XTSZFA;
				INFOPLIST_FILE = SeqNotes/Info.plist;
				IPHONEOS_DEPLOYMENT_TARGET = 10.0;
				LD_RUNPATH_SEARCH_PATHS = (
					"$(inherited)",
					"@executable_path/Frameworks",
				);
				PRODUCT_BUNDLE_IDENTIFIER = com.cheswick.SeqNotes;
				PRODUCT_NAME = "$(TARGET_NAME)";
				TARGETED_DEVICE_FAMILY = "1,2";
			};
			name = Debug;
		};
		FB99421121C58B0C009A30E4 /* Release */ = {
			isa = XCBuildConfiguration;
			buildSettings = {
				ASSETCATALOG_COMPILER_APPICON_NAME = AppIcon;
				CODE_SIGN_STYLE = Automatic;
				DEVELOPMENT_TEAM = HK64XTSZFA;
				INFOPLIST_FILE = SeqNotes/Info.plist;
				IPHONEOS_DEPLOYMENT_TARGET = 10.0;
				LD_RUNPATH_SEARCH_PATHS = (
					"$(inherited)",
					"@executable_path/Frameworks",
				);
				PRODUCT_BUNDLE_IDENTIFIER = com.cheswick.SeqNotes;
				PRODUCT_NAME = "$(TARGET_NAME)";
				TARGETED_DEVICE_FAMILY = "1,2";
			};
			name = Release;
		};
/* End XCBuildConfiguration section */

/* Begin XCConfigurationList section */
		FB9941F121C58B0B009A30E4 /* Build configuration list for PBXProject "SeqNotes" */ = {
			isa = XCConfigurationList;
			buildConfigurations = (
				FB99420D21C58B0C009A30E4 /* Debug */,
				FB99420E21C58B0C009A30E4 /* Release */,
			);
			defaultConfigurationIsVisible = 0;
			defaultConfigurationName = Release;
		};
		FB99420F21C58B0C009A30E4 /* Build configuration list for PBXNativeTarget "SeqNotes" */ = {
			isa = XCConfigurationList;
			buildConfigurations = (
				FB99421021C58B0C009A30E4 /* Debug */,
				FB99421121C58B0C009A30E4 /* Release */,
			);
			defaultConfigurationIsVisible = 0;
			defaultConfigurationName = Release;
		};
/* End XCConfigurationList section */
	};
	rootObject = FB9941EE21C58B0B009A30E4 /* Project object */;
}
