// !$*UTF8*$!
{
	archiveVersion = 1;
	classes = {
	};
	objectVersion = 50;
	objects = {

/* Begin PBXBuildFile section */
		FB6E2A7621C5869E0009AE83 /* main.m in Sources */ = {isa = PBXBuildFile; fileRef = FB6E2A5A21C5869D0009AE83 /* main.m */; };
		FB6E2A7721C5869E0009AE83 /* Assets.xcassets in Resources */ = {isa = PBXBuildFile; fileRef = FB6E2A5B21C5869D0009AE83 /* Assets.xcassets */; };
		FB6E2A7821C5869E0009AE83 /* UICircularProgressView.m in Sources */ = {isa = PBXBuildFile; fileRef = FB6E2A5D21C5869D0009AE83 /* UICircularProgressView.m */; };
		FB6E2A7921C5869E0009AE83 /* AppDelegate.m in Sources */ = {isa = PBXBuildFile; fileRef = FB6E2A5E21C5869D0009AE83 /* AppDelegate.m */; };
		FB6E2A7A21C5869E0009AE83 /* MenuVC.m in Sources */ = {isa = PBXBuildFile; fileRef = FB6E2A6021C5869D0009AE83 /* MenuVC.m */; };
		FB6E2A7B21C5869E0009AE83 /* BrowseOEISVC.m in Sources */ = {isa = PBXBuildFile; fileRef = FB6E2A6121C5869D0009AE83 /* BrowseOEISVC.m */; };
		FB6E2A7C21C5869E0009AE83 /* Info.plist in Resources */ = {isa = PBXBuildFile; fileRef = FB6E2A6221C5869D0009AE83 /* Info.plist */; };
		FB6E2A7D21C5869E0009AE83 /* Base.lproj in Resources */ = {isa = PBXBuildFile; fileRef = FB6E2A6321C5869D0009AE83 /* Base.lproj */; };
		FB6E2A7E21C5869E0009AE83 /* LaunchStoryboard.storyboard in Resources */ = {isa = PBXBuildFile; fileRef = FB6E2A6521C5869D0009AE83 /* LaunchStoryboard.storyboard */; };
		FB6E2A7F21C5869E0009AE83 /* Sequence.m in Sources */ = {isa = PBXBuildFile; fileRef = FB6E2A6921C5869D0009AE83 /* Sequence.m */; };
		FB6E2A8021C5869E0009AE83 /* Default-568h@2x.png in Resources */ = {isa = PBXBuildFile; fileRef = FB6E2A6B21C5869D0009AE83 /* Default-568h@2x.png */; };
		FB6E2A8121C5869E0009AE83 /* Music1.txt in Resources */ = {isa = PBXBuildFile; fileRef = FB6E2A6C21C5869D0009AE83 /* Music1.txt */; };
		FB6E2A8221C5869E0009AE83 /* Neil notes in Resources */ = {isa = PBXBuildFile; fileRef = FB6E2A6D21C5869D0009AE83 /* Neil notes */; };
		FB6E2A8321C5869E0009AE83 /* ShowSeqVC.m in Sources */ = {isa = PBXBuildFile; fileRef = FB6E2A7521C5869D0009AE83 /* ShowSeqVC.m */; };
/* End PBXBuildFile section */

/* Begin PBXFileReference section */
		FB6E2A5A21C5869D0009AE83 /* main.m */ = {isa = PBXFileReference; fileEncoding = 4; lastKnownFileType = sourcecode.c.objc; name = main.m; path = ../poot/main.m; sourceTree = "<group>"; };
		FB6E2A5B21C5869D0009AE83 /* Assets.xcassets */ = {isa = PBXFileReference; lastKnownFileType = folder.assetcatalog; name = Assets.xcassets; path = ../poot/Assets.xcassets; sourceTree = "<group>"; };
		FB6E2A5C21C5869D0009AE83 /* UICircularProgressView.h */ = {isa = PBXFileReference; fileEncoding = 4; lastKnownFileType = sourcecode.c.h; name = UICircularProgressView.h; path = ../poot/UICircularProgressView.h; sourceTree = "<group>"; };
		FB6E2A5D21C5869D0009AE83 /* UICircularProgressView.m */ = {isa = PBXFileReference; fileEncoding = 4; lastKnownFileType = sourcecode.c.objc; name = UICircularProgressView.m; path = ../poot/UICircularProgressView.m; sourceTree = "<group>"; };
		FB6E2A5E21C5869D0009AE83 /* AppDelegate.m */ = {isa = PBXFileReference; fileEncoding = 4; lastKnownFileType = sourcecode.c.objc; name = AppDelegate.m; path = ../poot/AppDelegate.m; sourceTree = "<group>"; };
		FB6E2A5F21C5869D0009AE83 /* SeqNotes.entitlements */ = {isa = PBXFileReference; fileEncoding = 4; lastKnownFileType = text.plist.entitlements; name = SeqNotes.entitlements; path = ../poot/SeqNotes.entitlements; sourceTree = "<group>"; };
		FB6E2A6021C5869D0009AE83 /* MenuVC.m */ = {isa = PBXFileReference; fileEncoding = 4; lastKnownFileType = sourcecode.c.objc; name = MenuVC.m; path = ../poot/MenuVC.m; sourceTree = "<group>"; };
		FB6E2A6121C5869D0009AE83 /* BrowseOEISVC.m */ = {isa = PBXFileReference; fileEncoding = 4; lastKnownFileType = sourcecode.c.objc; name = BrowseOEISVC.m; path = ../poot/BrowseOEISVC.m; sourceTree = "<group>"; };
		FB6E2A6221C5869D0009AE83 /* Info.plist */ = {isa = PBXFileReference; fileEncoding = 4; lastKnownFileType = text.plist.xml; name = Info.plist; path = ../poot/Info.plist; sourceTree = "<group>"; };
		FB6E2A6321C5869D0009AE83 /* Base.lproj */ = {isa = PBXFileReference; lastKnownFileType = folder; name = Base.lproj; path = ../poot/Base.lproj; sourceTree = "<group>"; };
		FB6E2A6421C5869D0009AE83 /* Sequence.h */ = {isa = PBXFileReference; fileEncoding = 4; lastKnownFileType = sourcecode.c.h; name = Sequence.h; path = ../poot/Sequence.h; sourceTree = "<group>"; };
		FB6E2A6521C5869D0009AE83 /* LaunchStoryboard.storyboard */ = {isa = PBXFileReference; fileEncoding = 4; lastKnownFileType = file.storyboard; name = LaunchStoryboard.storyboard; path = ../poot/LaunchStoryboard.storyboard; sourceTree = "<group>"; };
		FB6E2A6621C5869D0009AE83 /* AppDelegate.h */ = {isa = PBXFileReference; fileEncoding = 4; lastKnownFileType = sourcecode.c.h; name = AppDelegate.h; path = ../poot/AppDelegate.h; sourceTree = "<group>"; };
		FB6E2A6721C5869D0009AE83 /* BrowseOEISVC.h */ = {isa = PBXFileReference; fileEncoding = 4; lastKnownFileType = sourcecode.c.h; name = BrowseOEISVC.h; path = ../poot/BrowseOEISVC.h; sourceTree = "<group>"; };
		FB6E2A6821C5869D0009AE83 /* Defines.h */ = {isa = PBXFileReference; fileEncoding = 4; lastKnownFileType = sourcecode.c.h; name = Defines.h; path = ../poot/Defines.h; sourceTree = "<group>"; };
		FB6E2A6921C5869D0009AE83 /* Sequence.m */ = {isa = PBXFileReference; fileEncoding = 4; lastKnownFileType = sourcecode.c.objc; name = Sequence.m; path = ../poot/Sequence.m; sourceTree = "<group>"; };
		FB6E2A6A21C5869D0009AE83 /* MenuVC.h */ = {isa = PBXFileReference; fileEncoding = 4; lastKnownFileType = sourcecode.c.h; name = MenuVC.h; path = ../poot/MenuVC.h; sourceTree = "<group>"; };
		FB6E2A6B21C5869D0009AE83 /* Default-568h@2x.png */ = {isa = PBXFileReference; lastKnownFileType = image.png; name = "Default-568h@2x.png"; path = "../poot/Default-568h@2x.png"; sourceTree = "<group>"; };
		FB6E2A6C21C5869D0009AE83 /* Music1.txt */ = {isa = PBXFileReference; fileEncoding = 4; lastKnownFileType = text; name = Music1.txt; path = ../poot/Music1.txt; sourceTree = "<group>"; };
		FB6E2A6D21C5869D0009AE83 /* Neil notes */ = {isa = PBXFileReference; lastKnownFileType = folder; name = "Neil notes"; path = "../poot/Neil notes"; sourceTree = "<group>"; };
		FB6E2A7421C5869D0009AE83 /* ShowSeqVC.h */ = {isa = PBXFileReference; fileEncoding = 4; lastKnownFileType = sourcecode.c.h; name = ShowSeqVC.h; path = ../poot/ShowSeqVC.h; sourceTree = "<group>"; };
		FB6E2A7521C5869D0009AE83 /* ShowSeqVC.m */ = {isa = PBXFileReference; fileEncoding = 4; lastKnownFileType = sourcecode.c.objc; name = ShowSeqVC.m; path = ../poot/ShowSeqVC.m; sourceTree = "<group>"; };
		FB6E7FD321C45C0F00F53249 /* SeqNotes.app */ = {isa = PBXFileReference; explicitFileType = wrapper.application; includeInIndex = 0; path = SeqNotes.app; sourceTree = BUILT_PRODUCTS_DIR; };
/* End PBXFileReference section */

/* Begin PBXFrameworksBuildPhase section */
		FB6E7FD021C45C0F00F53249 /* Frameworks */ = {
			isa = PBXFrameworksBuildPhase;
			buildActionMask = 2147483647;
			files = (
			);
			runOnlyForDeploymentPostprocessing = 0;
		};
/* End PBXFrameworksBuildPhase section */

/* Begin PBXGroup section */
		FB6E7FCA21C45C0F00F53249 = {
			isa = PBXGroup;
			children = (
				FB6E2A6821C5869D0009AE83 /* Defines.h */,
				FB6E2A6621C5869D0009AE83 /* AppDelegate.h */,
				FB6E2A5E21C5869D0009AE83 /* AppDelegate.m */,
				FB6E2A6A21C5869D0009AE83 /* MenuVC.h */,
				FB6E2A6021C5869D0009AE83 /* MenuVC.m */,
				FB6E2A7421C5869D0009AE83 /* ShowSeqVC.h */,
				FB6E2A7521C5869D0009AE83 /* ShowSeqVC.m */,
				FB6E2A6721C5869D0009AE83 /* BrowseOEISVC.h */,
				FB6E2A6121C5869D0009AE83 /* BrowseOEISVC.m */,
				FB6E2A6421C5869D0009AE83 /* Sequence.h */,
				FB6E2A6921C5869D0009AE83 /* Sequence.m */,
				FB6E2A5C21C5869D0009AE83 /* UICircularProgressView.h */,
				FB6E2A5D21C5869D0009AE83 /* UICircularProgressView.m */,
				FB6E2A6C21C5869D0009AE83 /* Music1.txt */,
				FB6E2A5A21C5869D0009AE83 /* main.m */,
				FB6E2A6B21C5869D0009AE83 /* Default-568h@2x.png */,
				FB6E2A6221C5869D0009AE83 /* Info.plist */,
				FB6E2A6521C5869D0009AE83 /* LaunchStoryboard.storyboard */,
				FB6E2A5B21C5869D0009AE83 /* Assets.xcassets */,
				FB6E2A5F21C5869D0009AE83 /* SeqNotes.entitlements */,
				FB6E2A6D21C5869D0009AE83 /* Neil notes */,
				FB6E2A6321C5869D0009AE83 /* Base.lproj */,
				FB6E7FD421C45C0F00F53249 /* Products */,
				FB6E801221C4656000F53249 /* Frameworks */,
			);
			sourceTree = "<group>";
		};
		FB6E7FD421C45C0F00F53249 /* Products */ = {
			isa = PBXGroup;
			children = (
				FB6E7FD321C45C0F00F53249 /* SeqNotes.app */,
			);
			name = Products;
			sourceTree = "<group>";
		};
		FB6E801221C4656000F53249 /* Frameworks */ = {
			isa = PBXGroup;
			children = (
			);
			name = Frameworks;
			sourceTree = "<group>";
		};
/* End PBXGroup section */

/* Begin PBXNativeTarget section */
		FB6E7FD221C45C0F00F53249 /* SeqNotes */ = {
			isa = PBXNativeTarget;
			buildConfigurationList = FB6E7FEC21C45C1000F53249 /* Build configuration list for PBXNativeTarget "SeqNotes" */;
			buildPhases = (
				FB6E7FCF21C45C0F00F53249 /* Sources */,
				FB6E7FD021C45C0F00F53249 /* Frameworks */,
				FB6E7FD121C45C0F00F53249 /* Resources */,
			);
			buildRules = (
			);
			dependencies = (
			);
			name = SeqNotes;
			productName = SeqNotes;
			productReference = FB6E7FD321C45C0F00F53249 /* SeqNotes.app */;
			productType = "com.apple.product-type.application";
		};
/* End PBXNativeTarget section */

/* Begin PBXProject section */
		FB6E7FCB21C45C0F00F53249 /* Project object */ = {
			isa = PBXProject;
			attributes = {
				LastUpgradeCheck = 1010;
				ORGANIZATIONNAME = Cheswick.com;
				TargetAttributes = {
					FB6E7FD221C45C0F00F53249 = {
						CreatedOnToolsVersion = 10.1;
						SystemCapabilities = {
							com.apple.InAppPurchase = {
								enabled = 0;
							};
							com.apple.Push = {
								enabled = 0;
							};
						};
					};
				};
			};
			buildConfigurationList = FB6E7FCE21C45C0F00F53249 /* Build configuration list for PBXProject "SeqNotes" */;
			compatibilityVersion = "Xcode 9.3";
			developmentRegion = en;
			hasScannedForEncodings = 0;
			knownRegions = (
				en,
				Base,
			);
			mainGroup = FB6E7FCA21C45C0F00F53249;
			productRefGroup = FB6E7FD421C45C0F00F53249 /* Products */;
			projectDirPath = "";
			projectRoot = "";
			targets = (
				FB6E7FD221C45C0F00F53249 /* SeqNotes */,
			);
		};
/* End PBXProject section */

/* Begin PBXResourcesBuildPhase section */
		FB6E7FD121C45C0F00F53249 /* Resources */ = {
			isa = PBXResourcesBuildPhase;
			buildActionMask = 2147483647;
			files = (
				FB6E2A7C21C5869E0009AE83 /* Info.plist in Resources */,
				FB6E2A7D21C5869E0009AE83 /* Base.lproj in Resources */,
				FB6E2A8221C5869E0009AE83 /* Neil notes in Resources */,
				FB6E2A7E21C5869E0009AE83 /* LaunchStoryboard.storyboard in Resources */,
				FB6E2A8021C5869E0009AE83 /* Default-568h@2x.png in Resources */,
				FB6E2A8121C5869E0009AE83 /* Music1.txt in Resources */,
				FB6E2A7721C5869E0009AE83 /* Assets.xcassets in Resources */,
			);
			runOnlyForDeploymentPostprocessing = 0;
		};
/* End PBXResourcesBuildPhase section */

/* Begin PBXSourcesBuildPhase section */
		FB6E7FCF21C45C0F00F53249 /* Sources */ = {
			isa = PBXSourcesBuildPhase;
			buildActionMask = 2147483647;
			files = (
				FB6E2A7821C5869E0009AE83 /* UICircularProgressView.m in Sources */,
				FB6E2A7B21C5869E0009AE83 /* BrowseOEISVC.m in Sources */,
				FB6E2A7F21C5869E0009AE83 /* Sequence.m in Sources */,
				FB6E2A7A21C5869E0009AE83 /* MenuVC.m in Sources */,
				FB6E2A7621C5869E0009AE83 /* main.m in Sources */,
				FB6E2A8321C5869E0009AE83 /* ShowSeqVC.m in Sources */,
				FB6E2A7921C5869E0009AE83 /* AppDelegate.m in Sources */,
			);
			runOnlyForDeploymentPostprocessing = 0;
		};
/* End PBXSourcesBuildPhase section */

/* Begin XCBuildConfiguration section */
		FB6E7FEA21C45C1000F53249 /* Debug */ = {
			isa = XCBuildConfiguration;
			buildSettings = {
				ALWAYS_SEARCH_USER_PATHS = NO;
				CLANG_ANALYZER_NONNULL = YES;
				CLANG_ANALYZER_NUMBER_OBJECT_CONVERSION = YES_AGGRESSIVE;
				CLANG_CXX_LANGUAGE_STANDARD = "gnu++14";
				CLANG_CXX_LIBRARY = "libc++";
				CLANG_ENABLE_MODULES = YES;
				CLANG_ENABLE_OBJC_ARC = YES;
				CLANG_ENABLE_OBJC_WEAK = YES;
				CLANG_WARN_BLOCK_CAPTURE_AUTORELEASING = YES;
				CLANG_WARN_BOOL_CONVERSION = YES;
				CLANG_WARN_COMMA = YES;
				CLANG_WARN_CONSTANT_CONVERSION = YES;
				CLANG_WARN_DEPRECATED_OBJC_IMPLEMENTATIONS = YES;
				CLANG_WARN_DIRECT_OBJC_ISA_USAGE = YES_ERROR;
				CLANG_WARN_DOCUMENTATION_COMMENTS = YES;
				CLANG_WARN_EMPTY_BODY = YES;
				CLANG_WARN_ENUM_CONVERSION = YES;
				CLANG_WARN_INFINITE_RECURSION = YES;
				CLANG_WARN_INT_CONVERSION = YES;
				CLANG_WARN_NON_LITERAL_NULL_CONVERSION = YES;
				CLANG_WARN_OBJC_IMPLICIT_RETAIN_SELF = YES;
				CLANG_WARN_OBJC_LITERAL_CONVERSION = YES;
				CLANG_WARN_OBJC_ROOT_CLASS = YES_ERROR;
				CLANG_WARN_RANGE_LOOP_ANALYSIS = YES;
				CLANG_WARN_STRICT_PROTOTYPES = YES;
				CLANG_WARN_SUSPICIOUS_MOVE = YES;
				CLANG_WARN_UNGUARDED_AVAILABILITY = YES_AGGRESSIVE;
				CLANG_WARN_UNREACHABLE_CODE = YES;
				CLANG_WARN__DUPLICATE_METHOD_MATCH = YES;
				CODE_SIGN_IDENTITY = "iPhone Developer";
				COPY_PHASE_STRIP = NO;
				DEBUG_INFORMATION_FORMAT = dwarf;
				ENABLE_STRICT_OBJC_MSGSEND = YES;
				ENABLE_TESTABILITY = YES;
				GCC_C_LANGUAGE_STANDARD = gnu11;
				GCC_DYNAMIC_NO_PIC = NO;
				GCC_NO_COMMON_BLOCKS = YES;
				GCC_OPTIMIZATION_LEVEL = 0;
				GCC_PREPROCESSOR_DEFINITIONS = (
					"DEBUG=1",
					"$(inherited)",
				);
				GCC_WARN_64_TO_32_BIT_CONVERSION = YES;
				GCC_WARN_ABOUT_RETURN_TYPE = YES_ERROR;
				GCC_WARN_UNDECLARED_SELECTOR = YES;
				GCC_WARN_UNINITIALIZED_AUTOS = YES_AGGRESSIVE;
				GCC_WARN_UNUSED_FUNCTION = YES;
				GCC_WARN_UNUSED_VARIABLE = YES;
				IPHONEOS_DEPLOYMENT_TARGET = 10.0;
				MTL_ENABLE_DEBUG_INFO = INCLUDE_SOURCE;
				MTL_FAST_MATH = YES;
				ONLY_ACTIVE_ARCH = YES;
				SDKROOT = iphoneos;
			};
			name = Debug;
		};
		FB6E7FEB21C45C1000F53249 /* Release */ = {
			isa = XCBuildConfiguration;
			buildSettings = {
				ALWAYS_SEARCH_USER_PATHS = NO;
				CLANG_ANALYZER_NONNULL = YES;
				CLANG_ANALYZER_NUMBER_OBJECT_CONVERSION = YES_AGGRESSIVE;
				CLANG_CXX_LANGUAGE_STANDARD = "gnu++14";
				CLANG_CXX_LIBRARY = "libc++";
				CLANG_ENABLE_MODULES = YES;
				CLANG_ENABLE_OBJC_ARC = YES;
				CLANG_ENABLE_OBJC_WEAK = YES;
				CLANG_WARN_BLOCK_CAPTURE_AUTORELEASING = YES;
				CLANG_WARN_BOOL_CONVERSION = YES;
				CLANG_WARN_COMMA = YES;
				CLANG_WARN_CONSTANT_CONVERSION = YES;
				CLANG_WARN_DEPRECATED_OBJC_IMPLEMENTATIONS = YES;
				CLANG_WARN_DIRECT_OBJC_ISA_USAGE = YES_ERROR;
				CLANG_WARN_DOCUMENTATION_COMMENTS = YES;
				CLANG_WARN_EMPTY_BODY = YES;
				CLANG_WARN_ENUM_CONVERSION = YES;
				CLANG_WARN_INFINITE_RECURSION = YES;
				CLANG_WARN_INT_CONVERSION = YES;
				CLANG_WARN_NON_LITERAL_NULL_CONVERSION = YES;
				CLANG_WARN_OBJC_IMPLICIT_RETAIN_SELF = YES;
				CLANG_WARN_OBJC_LITERAL_CONVERSION = YES;
				CLANG_WARN_OBJC_ROOT_CLASS = YES_ERROR;
				CLANG_WARN_RANGE_LOOP_ANALYSIS = YES;
				CLANG_WARN_STRICT_PROTOTYPES = YES;
				CLANG_WARN_SUSPICIOUS_MOVE = YES;
				CLANG_WARN_UNGUARDED_AVAILABILITY = YES_AGGRESSIVE;
				CLANG_WARN_UNREACHABLE_CODE = YES;
				CLANG_WARN__DUPLICATE_METHOD_MATCH = YES;
				CODE_SIGN_IDENTITY = "iPhone Developer";
				COPY_PHASE_STRIP = NO;
				DEBUG_INFORMATION_FORMAT = "dwarf-with-dsym";
				ENABLE_NS_ASSERTIONS = NO;
				ENABLE_STRICT_OBJC_MSGSEND = YES;
				GCC_C_LANGUAGE_STANDARD = gnu11;
				GCC_NO_COMMON_BLOCKS = YES;
				GCC_WARN_64_TO_32_BIT_CONVERSION = YES;
				GCC_WARN_ABOUT_RETURN_TYPE = YES_ERROR;
				GCC_WARN_UNDECLARED_SELECTOR = YES;
				GCC_WARN_UNINITIALIZED_AUTOS = YES_AGGRESSIVE;
				GCC_WARN_UNUSED_FUNCTION = YES;
				GCC_WARN_UNUSED_VARIABLE = YES;
				IPHONEOS_DEPLOYMENT_TARGET = 10.0;
				MTL_ENABLE_DEBUG_INFO = NO;
				MTL_FAST_MATH = YES;
				SDKROOT = iphoneos;
				VALIDATE_PRODUCT = YES;
			};
			name = Release;
		};
		FB6E7FED21C45C1000F53249 /* Debug */ = {
			isa = XCBuildConfiguration;
			buildSettings = {
				ASSETCATALOG_COMPILER_APPICON_NAME = AppIcon;
				CODE_SIGN_STYLE = Automatic;
				DEVELOPMENT_TEAM = HK64XTSZFA;
				INFOPLIST_FILE = SeqNotes/Info.plist;
				IPHONEOS_DEPLOYMENT_TARGET = 10.0;
				LD_RUNPATH_SEARCH_PATHS = (
					"$(inherited)",
					"@executable_path/Frameworks",
				);
				PRODUCT_BUNDLE_IDENTIFIER = com.cheswick.SeqNotes;
				PRODUCT_NAME = "$(TARGET_NAME)";
				TARGETED_DEVICE_FAMILY = "1,2";
			};
			name = Debug;
		};
		FB6E7FEE21C45C1000F53249 /* Release */ = {
			isa = XCBuildConfiguration;
			buildSettings = {
				ASSETCATALOG_COMPILER_APPICON_NAME = AppIcon;
				CODE_SIGN_STYLE = Automatic;
				DEVELOPMENT_TEAM = HK64XTSZFA;
				INFOPLIST_FILE = SeqNotes/Info.plist;
				IPHONEOS_DEPLOYMENT_TARGET = 10.0;
				LD_RUNPATH_SEARCH_PATHS = (
					"$(inherited)",
					"@executable_path/Frameworks",
				);
				PRODUCT_BUNDLE_IDENTIFIER = com.cheswick.SeqNotes;
				PRODUCT_NAME = "$(TARGET_NAME)";
				TARGETED_DEVICE_FAMILY = "1,2";
			};
			name = Release;
		};
/* End XCBuildConfiguration section */

/* Begin XCConfigurationList section */
		FB6E7FCE21C45C0F00F53249 /* Build configuration list for PBXProject "SeqNotes" */ = {
			isa = XCConfigurationList;
			buildConfigurations = (
				FB6E7FEA21C45C1000F53249 /* Debug */,
				FB6E7FEB21C45C1000F53249 /* Release */,
			);
			defaultConfigurationIsVisible = 0;
			defaultConfigurationName = Release;
		};
		FB6E7FEC21C45C1000F53249 /* Build configuration list for PBXNativeTarget "SeqNotes" */ = {
			isa = XCConfigurationList;
			buildConfigurations = (
				FB6E7FED21C45C1000F53249 /* Debug */,
				FB6E7FEE21C45C1000F53249 /* Release */,
			);
			defaultConfigurationIsVisible = 0;
			defaultConfigurationName = Release;
		};
/* End XCConfigurationList section */
	};
	rootObject = FB6E7FCB21C45C0F00F53249 /* Project object */;
}
